
Microsoft Visual Studio Solution File, Format Version 12.00
# Visual Studio Version 17
VisualStudioVersion = 17.14.36518.9
MinimumVisualStudioVersion = 10.0.40219.1
Project("{2150E333-8FDC-42A3-9474-1A3956D46DE8}") = "Task0", "Task0", "{02EA681E-C7D8-13C7-8484-4AC65E1B71E8}"
EndProject
Project("{FAE04EC0-301F-11D3-BF4B-00C04F79EFBC}") = "Tyuiu.KuharonakSV.Sprint1.Task0.V9", "Tyuiu.KuharonakSV.Sprint1.Task0.V9\Tyuiu.KuharonakSV.Sprint1.Task0.V9.csproj", "{526EADF5-24A5-470A-BF96-6231A7476079}"
EndProject
Project("{FAE04EC0-301F-11D3-BF4B-00C04F79EFBC}") = "Tyuiu.KuharonakSV.Sprint1.Task0.V9.Lib", "Tyuiu.KuharonakSV.Sprint1.Task0.V9.Lib\Tyuiu.KuharonakSV.Sprint1.Task0.V9.Lib.csproj", "{2AD03895-0A28-420E-A39C-589EFDC4F57C}"
EndProject
Project("{FAE04EC0-301F-11D3-BF4B-00C04F79EFBC}") = "Tyuiu.KuharonakSV.Sprint1.Task0.V9.Test", "Tyuiu.KuharonakSV.Sprint1.Task0.V9.Test\Tyuiu.KuharonakSV.Sprint1.Task0.V9.Test.csproj", "{306095E3-EE73-403C-81AB-BDAD62C56261}"
EndProject
Project("{2150E333-8FDC-42A3-9474-1A3956D46DE8}") = "Task1", "Task1", "{462C70A9-080E-47F9-979B-E608963B5344}"
EndProject
Project("{FAE04EC0-301F-11D3-BF4B-00C04F79EFBC}") = "Tyuiu.KuharonakSV.Sprint1.Task1.V1", "Tyuiu.KuharonakSV.Sprint1.Task1.V1\Tyuiu.KuharonakSV.Sprint1.Task1.V1.csproj", "{5B9296FF-5359-4713-9F06-40A05E081CFA}"
EndProject
Project("{FAE04EC0-301F-11D3-BF4B-00C04F79EFBC}") = "Tyuiu.KuharonakSV.Sprint1.Task1.V1.Lib", "Tyuiu.KuharonakSV.Sprint1.Task1.V1.Lib\Tyuiu.KuharonakSV.Sprint1.Task1.V1.Lib.csproj", "{5ECB78F7-1F17-4DC3-839F-4468A1685377}"
EndProject
Project("{FAE04EC0-301F-11D3-BF4B-00C04F79EFBC}") = "Tyuiu.KuharonakSV.Sprint1.Task1.V1.Test", "Tyuiu.KuharonakSV.Sprint1.Task1.V1.Test\Tyuiu.KuharonakSV.Sprint1.Task1.V1.Test.csproj", "{56458280-8034-49AC-8672-CBC675EB4455}"
EndProject
Project("{2150E333-8FDC-42A3-9474-1A3956D46DE8}") = "Task2", "Task2", "{00F586E3-6804-4014-93E2-A8C1367E8FD6}"
EndProject
Project("{FAE04EC0-301F-11D3-BF4B-00C04F79EFBC}") = "Tyuiu.KuharonakSV.Sprint1.Task2.V19", "Tyuiu.KuharonakSV.Sprint1.Task2.V19\Tyuiu.KuharonakSV.Sprint1.Task2.V19.csproj", "{0E803CCE-BAA5-44C8-A566-537B13D9B756}"
EndProject
Project("{FAE04EC0-301F-11D3-BF4B-00C04F79EFBC}") = "Tyuiu.KuharonakSV.Sprint1.Task2.V19.Lib", "Tyuiu.KuharonakSV.Sprint1.Task2.V19.Lib\Tyuiu.KuharonakSV.Sprint1.Task2.V19.Lib.csproj", "{33CF6FAD-8E94-4080-AAC3-04356644CE69}"
EndProject
Project("{FAE04EC0-301F-11D3-BF4B-00C04F79EFBC}") = "Tyuiu.KuharonakSV.Sprint1.Task2.V19.Test", "Tyuiu.KuharonakSV.Sprint1.Task2.V19.Test\Tyuiu.KuharonakSV.Sprint1.Task2.V19.Test.csproj", "{7570D298-EDC8-44B6-BE02-D61AA083601A}"
EndProject
Project("{2150E333-8FDC-42A3-9474-1A3956D46DE8}") = "Task3", "Task3", "{CB98D488-6A25-44C4-AE7B-302BF88AB4D0}"
EndProject
Project("{FAE04EC0-301F-11D3-BF4B-00C04F79EFBC}") = "Tyuiu.KuharonakSV.Sprint1.Task3.V13", "Tyuiu.KuharonakSV.Sprint1.Task3.V13\Tyuiu.KuharonakSV.Sprint1.Task3.V13.csproj", "{7D24FE76-39D5-4BB6-A85E-D16225D92CED}"
EndProject
Project("{FAE04EC0-301F-11D3-BF4B-00C04F79EFBC}") = "Tyuiu.KuharonakSV.Sprint1.Task3.V13.Lib", "Tyuiu.KuharonakSV.Sprint1.Task3.V13.Lib\Tyuiu.KuharonakSV.Sprint1.Task3.V13.Lib.csproj", "{75611B85-AB46-45A2-9869-29EE64200E00}"
EndProject
Project("{FAE04EC0-301F-11D3-BF4B-00C04F79EFBC}") = "Tyuiu.KuharonakSV.Sprint1.Task3.V13.Test", "Tyuiu.KuharonakSV.Sprint1.Task3.V13.Test\Tyuiu.KuharonakSV.Sprint1.Task3.V13.Test.csproj", "{08097630-B9E8-4343-8B01-008E7D22009F}"
EndProject
Project("{2150E333-8FDC-42A3-9474-1A3956D46DE8}") = "Task4", "Task4", "{15D570BA-E98C-4C77-B44A-3BF0ED80D9ED}"
EndProject
Project("{FAE04EC0-301F-11D3-BF4B-00C04F79EFBC}") = "Tyuiu.KuharonakSV.Sprint1.Task4.V10", "Tyuiu.KuharonakSV.Sprint1.Task4.V10\Tyuiu.KuharonakSV.Sprint1.Task4.V10.csproj", "{C55A893C-9BD0-4A45-9D47-86FBE34A6FF3}"
EndProject
Project("{FAE04EC0-301F-11D3-BF4B-00C04F79EFBC}") = "Tyuiu.KuharonakSV.Sprint1.Task4.V10.Lib", "Tyuiu.KuharonakSV.Sprint1.Task4.V10.Lib\Tyuiu.KuharonakSV.Sprint1.Task4.V10.Lib.csproj", "{52C522CB-C131-44EC-A65B-13D3C745C385}"
EndProject
Project("{FAE04EC0-301F-11D3-BF4B-00C04F79EFBC}") = "Tyuiu.KuharonakSV.Sprint1.Task4.V10.Test", "Tyuiu.KuharonakSV.Sprint1.Task4.V10.Test\Tyuiu.KuharonakSV.Sprint1.Task4.V10.Test.csproj", "{BE46D109-56DB-42C2-BE28-4C432809CCE3}"
EndProject
Project("{2150E333-8FDC-42A3-9474-1A3956D46DE8}") = "Task5", "Task5", "{E821ECCA-3F4E-401E-B8EA-6C84F625A48D}"
EndProject
Project("{FAE04EC0-301F-11D3-BF4B-00C04F79EFBC}") = "Tyuiu.KuharonakSV.Sprint1.Task5.V4", "Tyuiu.KuharonakSV.Sprint1.Task5.V4\Tyuiu.KuharonakSV.Sprint1.Task5.V4.csproj", "{6102420C-CA6A-4BC7-A836-BA7C2576D5DB}"
EndProject
Project("{FAE04EC0-301F-11D3-BF4B-00C04F79EFBC}") = "Tyuiu.KuharonakSV.Sprint1.Task5.V4.Lib", "Tyuiu.KuharonakSV.Sprint1.Task5.V4.Lib\Tyuiu.KuharonakSV.Sprint1.Task5.V4.Lib.csproj", "{502BE124-F231-4EA1-B5B3-024ED9B64FA9}"
EndProject
Project("{FAE04EC0-301F-11D3-BF4B-00C04F79EFBC}") = "Tyuiu.KuharonakSV.Sprint1.Task5.V4.Test", "Tyuiu.KuharonakSV.Sprint1.Task5.V4.Test\Tyuiu.KuharonakSV.Sprint1.Task5.V4.Test.csproj", "{4370CAA5-9C24-403A-B3BB-53A3EFA6F00C}"
EndProject
Project("{2150E333-8FDC-42A3-9474-1A3956D46DE8}") = "Task6", "Task6", "{77D15FB7-997C-4B9E-BEA3-1133B880B5D6}"
EndProject
Project("{FAE04EC0-301F-11D3-BF4B-00C04F79EFBC}") = "Tyuiu.KuharonakSV.Sprint1.Task6.V13", "Tyuiu.KuharonakSV.Sprint1.Task6.V13\Tyuiu.KuharonakSV.Sprint1.Task6.V13.csproj", "{B7826E06-E711-4E76-B21C-4B04F225AE82}"
EndProject
Project("{FAE04EC0-301F-11D3-BF4B-00C04F79EFBC}") = "Tyuiu.KuharonakSV.Sprint1.Task6.V13.Lib", "Tyuiu.KuharonakSV.Sprint1.Task6.V13.Lib\Tyuiu.KuharonakSV.Sprint1.Task6.V13.Lib.csproj", "{7D452717-DFD0-4AFA-BF25-F389D4DA0344}"
EndProject
Project("{FAE04EC0-301F-11D3-BF4B-00C04F79EFBC}") = "Tyuiu.KuharonakSV.Sprint1.Task6.V13.Test", "Tyuiu.KuharonakSV.Sprint1.Task6.V13.Test\Tyuiu.KuharonakSV.Sprint1.Task6.V13.Test.csproj", "{FCF8DCCD-19DB-437D-A73F-16F23EC9BC85}"
EndProject
Global
	GlobalSection(SolutionConfigurationPlatforms) = preSolution
		Debug|Any CPU = Debug|Any CPU
		Release|Any CPU = Release|Any CPU
	EndGlobalSection
	GlobalSection(ProjectConfigurationPlatforms) = postSolution
		{526EADF5-24A5-470A-BF96-6231A7476079}.Debug|Any CPU.ActiveCfg = Debug|Any CPU
		{526EADF5-24A5-470A-BF96-6231A7476079}.Debug|Any CPU.Build.0 = Debug|Any CPU
		{526EADF5-24A5-470A-BF96-6231A7476079}.Release|Any CPU.ActiveCfg = Release|Any CPU
		{526EADF5-24A5-470A-BF96-6231A7476079}.Release|Any CPU.Build.0 = Release|Any CPU
		{2AD03895-0A28-420E-A39C-589EFDC4F57C}.Debug|Any CPU.ActiveCfg = Debug|Any CPU
		{2AD03895-0A28-420E-A39C-589EFDC4F57C}.Debug|Any CPU.Build.0 = Debug|Any CPU
		{2AD03895-0A28-420E-A39C-589EFDC4F57C}.Release|Any CPU.ActiveCfg = Release|Any CPU
		{2AD03895-0A28-420E-A39C-589EFDC4F57C}.Release|Any CPU.Build.0 = Release|Any CPU
		{306095E3-EE73-403C-81AB-BDAD62C56261}.Debug|Any CPU.ActiveCfg = Debug|Any CPU
		{306095E3-EE73-403C-81AB-BDAD62C56261}.Debug|Any CPU.Build.0 = Debug|Any CPU
		{306095E3-EE73-403C-81AB-BDAD62C56261}.Release|Any CPU.ActiveCfg = Release|Any CPU
		{306095E3-EE73-403C-81AB-BDAD62C56261}.Release|Any CPU.Build.0 = Release|Any CPU
		{5B9296FF-5359-4713-9F06-40A05E081CFA}.Debug|Any CPU.ActiveCfg = Debug|Any CPU
		{5B9296FF-5359-4713-9F06-40A05E081CFA}.Debug|Any CPU.Build.0 = Debug|Any CPU
		{5B9296FF-5359-4713-9F06-40A05E081CFA}.Release|Any CPU.ActiveCfg = Release|Any CPU
		{5B9296FF-5359-4713-9F06-40A05E081CFA}.Release|Any CPU.Build.0 = Release|Any CPU
		{5ECB78F7-1F17-4DC3-839F-4468A1685377}.Debug|Any CPU.ActiveCfg = Debug|Any CPU
		{5ECB78F7-1F17-4DC3-839F-4468A1685377}.Debug|Any CPU.Build.0 = Debug|Any CPU
		{5ECB78F7-1F17-4DC3-839F-4468A1685377}.Release|Any CPU.ActiveCfg = Release|Any CPU
		{5ECB78F7-1F17-4DC3-839F-4468A1685377}.Release|Any CPU.Build.0 = Release|Any CPU
		{56458280-8034-49AC-8672-CBC675EB4455}.Debug|Any CPU.ActiveCfg = Debug|Any CPU
		{56458280-8034-49AC-8672-CBC675EB4455}.Debug|Any CPU.Build.0 = Debug|Any CPU
		{56458280-8034-49AC-8672-CBC675EB4455}.Release|Any CPU.ActiveCfg = Release|Any CPU
		{56458280-8034-49AC-8672-CBC675EB4455}.Release|Any CPU.Build.0 = Release|Any CPU
		{0E803CCE-BAA5-44C8-A566-537B13D9B756}.Debug|Any CPU.ActiveCfg = Debug|Any CPU
		{0E803CCE-BAA5-44C8-A566-537B13D9B756}.Debug|Any CPU.Build.0 = Debug|Any CPU
		{0E803CCE-BAA5-44C8-A566-537B13D9B756}.Release|Any CPU.ActiveCfg = Release|Any CPU
		{0E803CCE-BAA5-44C8-A566-537B13D9B756}.Release|Any CPU.Build.0 = Release|Any CPU
		{33CF6FAD-8E94-4080-AAC3-04356644CE69}.Debug|Any CPU.ActiveCfg = Debug|Any CPU
		{33CF6FAD-8E94-4080-AAC3-04356644CE69}.Debug|Any CPU.Build.0 = Debug|Any CPU
		{33CF6FAD-8E94-4080-AAC3-04356644CE69}.Release|Any CPU.ActiveCfg = Release|Any CPU
		{33CF6FAD-8E94-4080-AAC3-04356644CE69}.Release|Any CPU.Build.0 = Release|Any CPU
		{7570D298-EDC8-44B6-BE02-D61AA083601A}.Debug|Any CPU.ActiveCfg = Debug|Any CPU
		{7570D298-EDC8-44B6-BE02-D61AA083601A}.Debug|Any CPU.Build.0 = Debug|Any CPU
		{7570D298-EDC8-44B6-BE02-D61AA083601A}.Release|Any CPU.ActiveCfg = Release|Any CPU
		{7570D298-EDC8-44B6-BE02-D61AA083601A}.Release|Any CPU.Build.0 = Release|Any CPU
		{7D24FE76-39D5-4BB6-A85E-D16225D92CED}.Debug|Any CPU.ActiveCfg = Debug|Any CPU
		{7D24FE76-39D5-4BB6-A85E-D16225D92CED}.Debug|Any CPU.Build.0 = Debug|Any CPU
		{7D24FE76-39D5-4BB6-A85E-D16225D92CED}.Release|Any CPU.ActiveCfg = Release|Any CPU
		{7D24FE76-39D5-4BB6-A85E-D16225D92CED}.Release|Any CPU.Build.0 = Release|Any CPU
		{75611B85-AB46-45A2-9869-29EE64200E00}.Debug|Any CPU.ActiveCfg = Debug|Any CPU
		{75611B85-AB46-45A2-9869-29EE64200E00}.Debug|Any CPU.Build.0 = Debug|Any CPU
		{75611B85-AB46-45A2-9869-29EE64200E00}.Release|Any CPU.ActiveCfg = Release|Any CPU
		{75611B85-AB46-45A2-9869-29EE64200E00}.Release|Any CPU.Build.0 = Release|Any CPU
		{08097630-B9E8-4343-8B01-008E7D22009F}.Debug|Any CPU.ActiveCfg = Debug|Any CPU
		{08097630-B9E8-4343-8B01-008E7D22009F}.Debug|Any CPU.Build.0 = Debug|Any CPU
		{08097630-B9E8-4343-8B01-008E7D22009F}.Release|Any CPU.ActiveCfg = Release|Any CPU
		{08097630-B9E8-4343-8B01-008E7D22009F}.Release|Any CPU.Build.0 = Release|Any CPU
		{C55A893C-9BD0-4A45-9D47-86FBE34A6FF3}.Debug|Any CPU.ActiveCfg = Debug|Any CPU
		{C55A893C-9BD0-4A45-9D47-86FBE34A6FF3}.Debug|Any CPU.Build.0 = Debug|Any CPU
		{C55A893C-9BD0-4A45-9D47-86FBE34A6FF3}.Release|Any CPU.ActiveCfg = Release|Any CPU
		{C55A893C-9BD0-4A45-9D47-86FBE34A6FF3}.Release|Any CPU.Build.0 = Release|Any CPU
		{52C522CB-C131-44EC-A65B-13D3C745C385}.Debug|Any CPU.ActiveCfg = Debug|Any CPU
		{52C522CB-C131-44EC-A65B-13D3C745C385}.Debug|Any CPU.Build.0 = Debug|Any CPU
		{52C522CB-C131-44EC-A65B-13D3C745C385}.Release|Any CPU.ActiveCfg = Release|Any CPU
		{52C522CB-C131-44EC-A65B-13D3C745C385}.Release|Any CPU.Build.0 = Release|Any CPU
		{BE46D109-56DB-42C2-BE28-4C432809CCE3}.Debug|Any CPU.ActiveCfg = Debug|Any CPU
		{BE46D109-56DB-42C2-BE28-4C432809CCE3}.Debug|Any CPU.Build.0 = Debug|Any CPU
		{BE46D109-56DB-42C2-BE28-4C432809CCE3}.Release|Any CPU.ActiveCfg = Release|Any CPU
		{BE46D109-56DB-42C2-BE28-4C432809CCE3}.Release|Any CPU.Build.0 = Release|Any CPU
		{6102420C-CA6A-4BC7-A836-BA7C2576D5DB}.Debug|Any CPU.ActiveCfg = Debug|Any CPU
		{6102420C-CA6A-4BC7-A836-BA7C2576D5DB}.Debug|Any CPU.Build.0 = Debug|Any CPU
		{6102420C-CA6A-4BC7-A836-BA7C2576D5DB}.Release|Any CPU.ActiveCfg = Release|Any CPU
		{6102420C-CA6A-4BC7-A836-BA7C2576D5DB}.Release|Any CPU.Build.0 = Release|Any CPU
		{502BE124-F231-4EA1-B5B3-024ED9B64FA9}.Debug|Any CPU.ActiveCfg = Debug|Any CPU
		{502BE124-F231-4EA1-B5B3-024ED9B64FA9}.Debug|Any CPU.Build.0 = Debug|Any CPU
		{502BE124-F231-4EA1-B5B3-024ED9B64FA9}.Release|Any CPU.ActiveCfg = Release|Any CPU
		{502BE124-F231-4EA1-B5B3-024ED9B64FA9}.Release|Any CPU.Build.0 = Release|Any CPU
		{4370CAA5-9C24-403A-B3BB-53A3EFA6F00C}.Debug|Any CPU.ActiveCfg = Debug|Any CPU
		{4370CAA5-9C24-403A-B3BB-53A3EFA6F00C}.Debug|Any CPU.Build.0 = Debug|Any CPU
		{4370CAA5-9C24-403A-B3BB-53A3EFA6F00C}.Release|Any CPU.ActiveCfg = Release|Any CPU
		{4370CAA5-9C24-403A-B3BB-53A3EFA6F00C}.Release|Any CPU.Build.0 = Release|Any CPU
		{B7826E06-E711-4E76-B21C-4B04F225AE82}.Debug|Any CPU.ActiveCfg = Debug|Any CPU
		{B7826E06-E711-4E76-B21C-4B04F225AE82}.Debug|Any CPU.Build.0 = Debug|Any CPU
		{B7826E06-E711-4E76-B21C-4B04F225AE82}.Release|Any CPU.ActiveCfg = Release|Any CPU
		{B7826E06-E711-4E76-B21C-4B04F225AE82}.Release|Any CPU.Build.0 = Release|Any CPU
		{7D452717-DFD0-4AFA-BF25-F389D4DA0344}.Debug|Any CPU.ActiveCfg = Debug|Any CPU
		{7D452717-DFD0-4AFA-BF25-F389D4DA0344}.Debug|Any CPU.Build.0 = Debug|Any CPU
		{7D452717-DFD0-4AFA-BF25-F389D4DA0344}.Release|Any CPU.ActiveCfg = Release|Any CPU
		{7D452717-DFD0-4AFA-BF25-F389D4DA0344}.Release|Any CPU.Build.0 = Release|Any CPU
		{FCF8DCCD-19DB-437D-A73F-16F23EC9BC85}.Debug|Any CPU.ActiveCfg = Debug|Any CPU
		{FCF8DCCD-19DB-437D-A73F-16F23EC9BC85}.Debug|Any CPU.Build.0 = Debug|Any CPU
		{FCF8DCCD-19DB-437D-A73F-16F23EC9BC85}.Release|Any CPU.ActiveCfg = Release|Any CPU
		{FCF8DCCD-19DB-437D-A73F-16F23EC9BC85}.Release|Any CPU.Build.0 = Release|Any CPU
	EndGlobalSection
	GlobalSection(SolutionProperties) = preSolution
		HideSolutionNode = FALSE
	EndGlobalSection
	GlobalSection(NestedProjects) = preSolution
		{526EADF5-24A5-470A-BF96-6231A7476079} = {02EA681E-C7D8-13C7-8484-4AC65E1B71E8}
		{2AD03895-0A28-420E-A39C-589EFDC4F57C} = {02EA681E-C7D8-13C7-8484-4AC65E1B71E8}
		{306095E3-EE73-403C-81AB-BDAD62C56261} = {02EA681E-C7D8-13C7-8484-4AC65E1B71E8}
		{5B9296FF-5359-4713-9F06-40A05E081CFA} = {462C70A9-080E-47F9-979B-E608963B5344}
		{5ECB78F7-1F17-4DC3-839F-4468A1685377} = {462C70A9-080E-47F9-979B-E608963B5344}
		{56458280-8034-49AC-8672-CBC675EB4455} = {462C70A9-080E-47F9-979B-E608963B5344}
		{0E803CCE-BAA5-44C8-A566-537B13D9B756} = {00F586E3-6804-4014-93E2-A8C1367E8FD6}
		{33CF6FAD-8E94-4080-AAC3-04356644CE69} = {00F586E3-6804-4014-93E2-A8C1367E8FD6}
		{7570D298-EDC8-44B6-BE02-D61AA083601A} = {00F586E3-6804-4014-93E2-A8C1367E8FD6}
		{7D24FE76-39D5-4BB6-A85E-D16225D92CED} = {CB98D488-6A25-44C4-AE7B-302BF88AB4D0}
		{75611B85-AB46-45A2-9869-29EE64200E00} = {CB98D488-6A25-44C4-AE7B-302BF88AB4D0}
		{08097630-B9E8-4343-8B01-008E7D22009F} = {CB98D488-6A25-44C4-AE7B-302BF88AB4D0}
		{C55A893C-9BD0-4A45-9D47-86FBE34A6FF3} = {15D570BA-E98C-4C77-B44A-3BF0ED80D9ED}
		{52C522CB-C131-44EC-A65B-13D3C745C385} = {15D570BA-E98C-4C77-B44A-3BF0ED80D9ED}
		{BE46D109-56DB-42C2-BE28-4C432809CCE3} = {15D570BA-E98C-4C77-B44A-3BF0ED80D9ED}
		{6102420C-CA6A-4BC7-A836-BA7C2576D5DB} = {E821ECCA-3F4E-401E-B8EA-6C84F625A48D}
		{502BE124-F231-4EA1-B5B3-024ED9B64FA9} = {E821ECCA-3F4E-401E-B8EA-6C84F625A48D}
		{4370CAA5-9C24-403A-B3BB-53A3EFA6F00C} = {E821ECCA-3F4E-401E-B8EA-6C84F625A48D}
		{B7826E06-E711-4E76-B21C-4B04F225AE82} = {77D15FB7-997C-4B9E-BEA3-1133B880B5D6}
		{7D452717-DFD0-4AFA-BF25-F389D4DA0344} = {77D15FB7-997C-4B9E-BEA3-1133B880B5D6}
		{FCF8DCCD-19DB-437D-A73F-16F23EC9BC85} = {77D15FB7-997C-4B9E-BEA3-1133B880B5D6}
	EndGlobalSection
	GlobalSection(ExtensibilityGlobals) = postSolution
		SolutionGuid = {3CDFB47A-8510-4590-911A-9106F1289421}
	EndGlobalSection
EndGlobal
