
Microsoft Visual Studio Solution File, Format Version 12.00
# Visual Studio Version 17
VisualStudioVersion = 17.14.36518.9 d17.14
MinimumVisualStudioVersion = 10.0.40219.1
Project("{2150E333-8FDC-42A3-9474-1A3956D46DE8}") = "Task0", "Task0", "{02EA681E-C7D8-13C7-8484-4AC65E1B71E8}"
EndProject
Project("{FAE04EC0-301F-11D3-BF4B-00C04F79EFBC}") = "Tyuiu.KuharonakSV.Sprint1.Task0.V9", "Tyuiu.KuharonakSV.Sprint1.Task0.V9\Tyuiu.KuharonakSV.Sprint1.Task0.V9.csproj", "{6BD193BB-511A-4519-8A77-F481F525AF80}"
EndProject
Project("{FAE04EC0-301F-11D3-BF4B-00C04F79EFBC}") = "Tyuiu.KuharonakSV.Sprint1.Task0.V9.Lib", "Tyuiu.KuharonakSV.Sprint1.Task0.V9.Lib\Tyuiu.KuharonakSV.Sprint1.Task0.V9.Lib.csproj", "{BB274E0A-FB86-4146-986F-0D7F5366ABDA}"
EndProject
Project("{FAE04EC0-301F-11D3-BF4B-00C04F79EFBC}") = "Tyuiu.KuharonakSV.Sprint1.Task0.V9.Test", "Tyuiu.KuharonakSV.Sprint1.Task0.V9.Test\Tyuiu.KuharonakSV.Sprint1.Task0.V9.Test.csproj", "{ADA709A8-4081-4DA9-B725-00F4E4DD73B2}"
EndProject
Global
	GlobalSection(SolutionConfigurationPlatforms) = preSolution
		Debug|Any CPU = Debug|Any CPU
		Release|Any CPU = Release|Any CPU
	EndGlobalSection
	GlobalSection(ProjectConfigurationPlatforms) = postSolution
		{6BD193BB-511A-4519-8A77-F481F525AF80}.Debug|Any CPU.ActiveCfg = Debug|Any CPU
		{6BD193BB-511A-4519-8A77-F481F525AF80}.Debug|Any CPU.Build.0 = Debug|Any CPU
		{6BD193BB-511A-4519-8A77-F481F525AF80}.Release|Any CPU.ActiveCfg = Release|Any CPU
		{6BD193BB-511A-4519-8A77-F481F525AF80}.Release|Any CPU.Build.0 = Release|Any CPU
		{BB274E0A-FB86-4146-986F-0D7F5366ABDA}.Debug|Any CPU.ActiveCfg = Debug|Any CPU
		{BB274E0A-FB86-4146-986F-0D7F5366ABDA}.Debug|Any CPU.Build.0 = Debug|Any CPU
		{BB274E0A-FB86-4146-986F-0D7F5366ABDA}.Release|Any CPU.ActiveCfg = Release|Any CPU
		{BB274E0A-FB86-4146-986F-0D7F5366ABDA}.Release|Any CPU.Build.0 = Release|Any CPU
		{ADA709A8-4081-4DA9-B725-00F4E4DD73B2}.Debug|Any CPU.ActiveCfg = Debug|Any CPU
		{ADA709A8-4081-4DA9-B725-00F4E4DD73B2}.Debug|Any CPU.Build.0 = Debug|Any CPU
		{ADA709A8-4081-4DA9-B725-00F4E4DD73B2}.Release|Any CPU.ActiveCfg = Release|Any CPU
		{ADA709A8-4081-4DA9-B725-00F4E4DD73B2}.Release|Any CPU.Build.0 = Release|Any CPU
	EndGlobalSection
	GlobalSection(SolutionProperties) = preSolution
		HideSolutionNode = FALSE
	EndGlobalSection
	GlobalSection(NestedProjects) = preSolution
		{6BD193BB-511A-4519-8A77-F481F525AF80} = {02EA681E-C7D8-13C7-8484-4AC65E1B71E8}
		{BB274E0A-FB86-4146-986F-0D7F5366ABDA} = {02EA681E-C7D8-13C7-8484-4AC65E1B71E8}
		{ADA709A8-4081-4DA9-B725-00F4E4DD73B2} = {02EA681E-C7D8-13C7-8484-4AC65E1B71E8}
	EndGlobalSection
	GlobalSection(ExtensibilityGlobals) = postSolution
		SolutionGuid = {592B677C-C6DC-4551-92C3-731565A5716A}
	EndGlobalSection
EndGlobal
